// !$*UTF8*$!
{
	archiveVersion = 1;
	classes = {
	};
	objectVersion = 48;
	objects = {

/* Begin PBXBuildFile section */
		158F94171FD297B2004C9BE4 /* AppDelegate.swift in Sources */ = {isa = PBXBuildFile; fileRef = 158F94161FD297B2004C9BE4 /* AppDelegate.swift */; };
		158F94191FD297B2004C9BE4 /* art.scnassets in Resources */ = {isa = PBXBuildFile; fileRef = 158F94181FD297B2004C9BE4 /* art.scnassets */; };
		158F941B1FD297B2004C9BE4 /* ViewController.swift in Sources */ = {isa = PBXBuildFile; fileRef = 158F941A1FD297B2004C9BE4 /* ViewController.swift */; };
		158F941E1FD297B2004C9BE4 /* Main.storyboard in Resources */ = {isa = PBXBuildFile; fileRef = 158F941C1FD297B2004C9BE4 /* Main.storyboard */; };
		158F94201FD297B2004C9BE4 /* Assets.xcassets in Resources */ = {isa = PBXBuildFile; fileRef = 158F941F1FD297B2004C9BE4 /* Assets.xcassets */; };
		158F94231FD297B2004C9BE4 /* LaunchScreen.storyboard in Resources */ = {isa = PBXBuildFile; fileRef = 158F94211FD297B2004C9BE4 /* LaunchScreen.storyboard */; };
		158F942C1FD29828004C9BE4 /* ConnectionManager.swift in Sources */ = {isa = PBXBuildFile; fileRef = 158F942A1FD29828004C9BE4 /* ConnectionManager.swift */; };
		158F942D1FD29828004C9BE4 /* ConnectionManagerDelegate.swift in Sources */ = {isa = PBXBuildFile; fileRef = 158F942B1FD29828004C9BE4 /* ConnectionManagerDelegate.swift */; };
		158F94311FD2D5CD004C9BE4 /* Utils.swift in Sources */ = {isa = PBXBuildFile; fileRef = 158F94301FD2D5CD004C9BE4 /* Utils.swift */; };
/* End PBXBuildFile section */

/* Begin PBXFileReference section */
		158F94131FD297B2004C9BE4 /* ARSync.app */ = {isa = PBXFileReference; explicitFileType = wrapper.application; includeInIndex = 0; path = ARSync.app; sourceTree = BUILT_PRODUCTS_DIR; };
		158F94161FD297B2004C9BE4 /* AppDelegate.swift */ = {isa = PBXFileReference; lastKnownFileType = sourcecode.swift; path = AppDelegate.swift; sourceTree = "<group>"; };
		158F94181FD297B2004C9BE4 /* art.scnassets */ = {isa = PBXFileReference; lastKnownFileType = wrapper.scnassets; path = art.scnassets; sourceTree = "<group>"; };
		158F941A1FD297B2004C9BE4 /* ViewController.swift */ = {isa = PBXFileReference; lastKnownFileType = sourcecode.swift; path = ViewController.swift; sourceTree = "<group>"; };
		158F941D1FD297B2004C9BE4 /* Base */ = {isa = PBXFileReference; lastKnownFileType = file.storyboard; name = Base; path = Base.lproj/Main.storyboard; sourceTree = "<group>"; };
		158F941F1FD297B2004C9BE4 /* Assets.xcassets */ = {isa = PBXFileReference; lastKnownFileType = folder.assetcatalog; path = Assets.xcassets; sourceTree = "<group>"; };
		158F94221FD297B2004C9BE4 /* Base */ = {isa = PBXFileReference; lastKnownFileType = file.storyboard; name = Base; path = Base.lproj/LaunchScreen.storyboard; sourceTree = "<group>"; };
		158F94241FD297B2004C9BE4 /* Info.plist */ = {isa = PBXFileReference; lastKnownFileType = text.plist.xml; path = Info.plist; sourceTree = "<group>"; };
		158F942A1FD29828004C9BE4 /* ConnectionManager.swift */ = {isa = PBXFileReference; fileEncoding = 4; lastKnownFileType = sourcecode.swift; path = ConnectionManager.swift; sourceTree = "<group>"; };
		158F942B1FD29828004C9BE4 /* ConnectionManagerDelegate.swift */ = {isa = PBXFileReference; fileEncoding = 4; lastKnownFileType = sourcecode.swift; path = ConnectionManagerDelegate.swift; sourceTree = "<group>"; };
		158F94301FD2D5CD004C9BE4 /* Utils.swift */ = {isa = PBXFileReference; lastKnownFileType = sourcecode.swift; path = Utils.swift; sourceTree = "<group>"; };
/* End PBXFileReference section */

/* Begin PBXFrameworksBuildPhase section */
		158F94101FD297B2004C9BE4 /* Frameworks */ = {
			isa = PBXFrameworksBuildPhase;
			buildActionMask = 2147483647;
			files = (
			);
			runOnlyForDeploymentPostprocessing = 0;
		};
/* End PBXFrameworksBuildPhase section */

/* Begin PBXGroup section */
		158F940A1FD297B2004C9BE4 = {
			isa = PBXGroup;
			children = (
				158F94151FD297B2004C9BE4 /* ARSync */,
				158F94141FD297B2004C9BE4 /* Products */,
			);
			sourceTree = "<group>";
		};
		158F94141FD297B2004C9BE4 /* Products */ = {
			isa = PBXGroup;
			children = (
				158F94131FD297B2004C9BE4 /* ARSync.app */,
			);
			name = Products;
			sourceTree = "<group>";
		};
		158F94151FD297B2004C9BE4 /* ARSync */ = {
			isa = PBXGroup;
			children = (
				158F94161FD297B2004C9BE4 /* AppDelegate.swift */,
				158F94181FD297B2004C9BE4 /* art.scnassets */,
				158F941A1FD297B2004C9BE4 /* ViewController.swift */,
				158F942A1FD29828004C9BE4 /* ConnectionManager.swift */,
				158F942B1FD29828004C9BE4 /* ConnectionManagerDelegate.swift */,
				158F941C1FD297B2004C9BE4 /* Main.storyboard */,
				158F941F1FD297B2004C9BE4 /* Assets.xcassets */,
				158F94211FD297B2004C9BE4 /* LaunchScreen.storyboard */,
				158F94241FD297B2004C9BE4 /* Info.plist */,
				158F94301FD2D5CD004C9BE4 /* Utils.swift */,
			);
			path = ARSync;
			sourceTree = "<group>";
		};
/* End PBXGroup section */

/* Begin PBXNativeTarget section */
		158F94121FD297B2004C9BE4 /* ARSync */ = {
			isa = PBXNativeTarget;
			buildConfigurationList = 158F94271FD297B2004C9BE4 /* Build configuration list for PBXNativeTarget "ARSync" */;
			buildPhases = (
				158F940F1FD297B2004C9BE4 /* Sources */,
				158F94101FD297B2004C9BE4 /* Frameworks */,
				158F94111FD297B2004C9BE4 /* Resources */,
			);
			buildRules = (
			);
			dependencies = (
			);
			name = ARSync;
			productName = ARSync;
			productReference = 158F94131FD297B2004C9BE4 /* ARSync.app */;
			productType = "com.apple.product-type.application";
		};
/* End PBXNativeTarget section */

/* Begin PBXProject section */
		158F940B1FD297B2004C9BE4 /* Project object */ = {
			isa = PBXProject;
			attributes = {
				LastSwiftUpdateCheck = 0920;
				LastUpgradeCheck = 0920;
				ORGANIZATIONNAME = "Rinat Khanov";
				TargetAttributes = {
					158F94121FD297B2004C9BE4 = {
						CreatedOnToolsVersion = 9.2;
						ProvisioningStyle = Automatic;
					};
				};
			};
			buildConfigurationList = 158F940E1FD297B2004C9BE4 /* Build configuration list for PBXProject "ARSync" */;
			compatibilityVersion = "Xcode 8.0";
			developmentRegion = en;
			hasScannedForEncodings = 0;
			knownRegions = (
				en,
				Base,
			);
			mainGroup = 158F940A1FD297B2004C9BE4;
			productRefGroup = 158F94141FD297B2004C9BE4 /* Products */;
			projectDirPath = "";
			projectRoot = "";
			targets = (
				158F94121FD297B2004C9BE4 /* ARSync */,
			);
		};
/* End PBXProject section */

/* Begin PBXResourcesBuildPhase section */
		158F94111FD297B2004C9BE4 /* Resources */ = {
			isa = PBXResourcesBuildPhase;
			buildActionMask = 2147483647;
			files = (
				158F94191FD297B2004C9BE4 /* art.scnassets in Resources */,
				158F94231FD297B2004C9BE4 /* LaunchScreen.storyboard in Resources */,
				158F94201FD297B2004C9BE4 /* Assets.xcassets in Resources */,
				158F941E1FD297B2004C9BE4 /* Main.storyboard in Resources */,
			);
			runOnlyForDeploymentPostprocessing = 0;
		};
/* End PBXResourcesBuildPhase section */

/* Begin PBXSourcesBuildPhase section */
		158F940F1FD297B2004C9BE4 /* Sources */ = {
			isa = PBXSourcesBuildPhase;
			buildActionMask = 2147483647;
			files = (
				158F94311FD2D5CD004C9BE4 /* Utils.swift in Sources */,
				158F942D1FD29828004C9BE4 /* ConnectionManagerDelegate.swift in Sources */,
				158F941B1FD297B2004C9BE4 /* ViewController.swift in Sources */,
				158F942C1FD29828004C9BE4 /* ConnectionManager.swift in Sources */,
				158F94171FD297B2004C9BE4 /* AppDelegate.swift in Sources */,
			);
			runOnlyForDeploymentPostprocessing = 0;
		};
/* End PBXSourcesBuildPhase section */

/* Begin PBXVariantGroup section */
		158F941C1FD297B2004C9BE4 /* Main.storyboard */ = {
			isa = PBXVariantGroup;
			children = (
				158F941D1FD297B2004C9BE4 /* Base */,
			);
			name = Main.storyboard;
			sourceTree = "<group>";
		};
		158F94211FD297B2004C9BE4 /* LaunchScreen.storyboard */ = {
			isa = PBXVariantGroup;
			children = (
				158F94221FD297B2004C9BE4 /* Base */,
			);
			name = LaunchScreen.storyboard;
			sourceTree = "<group>";
		};
/* End PBXVariantGroup section */

/* Begin XCBuildConfiguration section */
		158F94251FD297B2004C9BE4 /* Debug */ = {
			isa = XCBuildConfiguration;
			buildSettings = {
				ALWAYS_SEARCH_USER_PATHS = NO;
				CLANG_ANALYZER_NONNULL = YES;
				CLANG_ANALYZER_NUMBER_OBJECT_CONVERSION = YES_AGGRESSIVE;
				CLANG_CXX_LANGUAGE_STANDARD = "gnu++14";
				CLANG_CXX_LIBRARY = "libc++";
				CLANG_ENABLE_MODULES = YES;
				CLANG_ENABLE_OBJC_ARC = YES;
				CLANG_WARN_BLOCK_CAPTURE_AUTORELEASING = YES;
				CLANG_WARN_BOOL_CONVERSION = YES;
				CLANG_WARN_COMMA = YES;
				CLANG_WARN_CONSTANT_CONVERSION = YES;
				CLANG_WARN_DIRECT_OBJC_ISA_USAGE = YES_ERROR;
				CLANG_WARN_DOCUMENTATION_COMMENTS = YES;
				CLANG_WARN_EMPTY_BODY = YES;
				CLANG_WARN_ENUM_CONVERSION = YES;
				CLANG_WARN_INFINITE_RECURSION = YES;
				CLANG_WARN_INT_CONVERSION = YES;
				CLANG_WARN_NON_LITERAL_NULL_CONVERSION = YES;
				CLANG_WARN_OBJC_LITERAL_CONVERSION = YES;
				CLANG_WARN_OBJC_ROOT_CLASS = YES_ERROR;
				CLANG_WARN_RANGE_LOOP_ANALYSIS = YES;
				CLANG_WARN_STRICT_PROTOTYPES = YES;
				CLANG_WARN_SUSPICIOUS_MOVE = YES;
				CLANG_WARN_UNGUARDED_AVAILABILITY = YES_AGGRESSIVE;
				CLANG_WARN_UNREACHABLE_CODE = YES;
				CLANG_WARN__DUPLICATE_METHOD_MATCH = YES;
				CODE_SIGN_IDENTITY = "iPhone Developer";
				COPY_PHASE_STRIP = NO;
				DEBUG_INFORMATION_FORMAT = dwarf;
				ENABLE_STRICT_OBJC_MSGSEND = YES;
				ENABLE_TESTABILITY = YES;
				GCC_C_LANGUAGE_STANDARD = gnu11;
				GCC_DYNAMIC_NO_PIC = NO;
				GCC_NO_COMMON_BLOCKS = YES;
				GCC_OPTIMIZATION_LEVEL = 0;
				GCC_PREPROCESSOR_DEFINITIONS = (
					"DEBUG=1",
					"$(inherited)",
				);
				GCC_WARN_64_TO_32_BIT_CONVERSION = YES;
				GCC_WARN_ABOUT_RETURN_TYPE = YES_ERROR;
				GCC_WARN_UNDECLARED_SELECTOR = YES;
				GCC_WARN_UNINITIALIZED_AUTOS = YES_AGGRESSIVE;
				GCC_WARN_UNUSED_FUNCTION = YES;
				GCC_WARN_UNUSED_VARIABLE = YES;
				IPHONEOS_DEPLOYMENT_TARGET = 11.2;
				MTL_ENABLE_DEBUG_INFO = YES;
				ONLY_ACTIVE_ARCH = YES;
				SDKROOT = iphoneos;
				SWIFT_ACTIVE_COMPILATION_CONDITIONS = DEBUG;
				SWIFT_OPTIMIZATION_LEVEL = "-Onone";
			};
			name = Debug;
		};
		158F94261FD297B2004C9BE4 /* Release */ = {
			isa = XCBuildConfiguration;
			buildSettings = {
				ALWAYS_SEARCH_USER_PATHS = NO;
				CLANG_ANALYZER_NONNULL = YES;
				CLANG_ANALYZER_NUMBER_OBJECT_CONVERSION = YES_AGGRESSIVE;
				CLANG_CXX_LANGUAGE_STANDARD = "gnu++14";
				CLANG_CXX_LIBRARY = "libc++";
				CLANG_ENABLE_MODULES = YES;
				CLANG_ENABLE_OBJC_ARC = YES;
				CLANG_WARN_BLOCK_CAPTURE_AUTORELEASING = YES;
				CLANG_WARN_BOOL_CONVERSION = YES;
				CLANG_WARN_COMMA = YES;
				CLANG_WARN_CONSTANT_CONVERSION = YES;
				CLANG_WARN_DIRECT_OBJC_ISA_USAGE = YES_ERROR;
				CLANG_WARN_DOCUMENTATION_COMMENTS = YES;
				CLANG_WARN_EMPTY_BODY = YES;
				CLANG_WARN_ENUM_CONVERSION = YES;
				CLANG_WARN_INFINITE_RECURSION = YES;
				CLANG_WARN_INT_CONVERSION = YES;
				CLANG_WARN_NON_LITERAL_NULL_CONVERSION = YES;
				CLANG_WARN_OBJC_LITERAL_CONVERSION = YES;
				CLANG_WARN_OBJC_ROOT_CLASS = YES_ERROR;
				CLANG_WARN_RANGE_LOOP_ANALYSIS = YES;
				CLANG_WARN_STRICT_PROTOTYPES = YES;
				CLANG_WARN_SUSPICIOUS_MOVE = YES;
				CLANG_WARN_UNGUARDED_AVAILABILITY = YES_AGGRESSIVE;
				CLANG_WARN_UNREACHABLE_CODE = YES;
				CLANG_WARN__DUPLICATE_METHOD_MATCH = YES;
				CODE_SIGN_IDENTITY = "iPhone Developer";
				COPY_PHASE_STRIP = NO;
				DEBUG_INFORMATION_FORMAT = "dwarf-with-dsym";
				ENABLE_NS_ASSERTIONS = NO;
				ENABLE_STRICT_OBJC_MSGSEND = YES;
				GCC_C_LANGUAGE_STANDARD = gnu11;
				GCC_NO_COMMON_BLOCKS = YES;
				GCC_WARN_64_TO_32_BIT_CONVERSION = YES;
				GCC_WARN_ABOUT_RETURN_TYPE = YES_ERROR;
				GCC_WARN_UNDECLARED_SELECTOR = YES;
				GCC_WARN_UNINITIALIZED_AUTOS = YES_AGGRESSIVE;
				GCC_WARN_UNUSED_FUNCTION = YES;
				GCC_WARN_UNUSED_VARIABLE = YES;
				IPHONEOS_DEPLOYMENT_TARGET = 11.2;
				MTL_ENABLE_DEBUG_INFO = NO;
				SDKROOT = iphoneos;
				SWIFT_OPTIMIZATION_LEVEL = "-Owholemodule";
				VALIDATE_PRODUCT = YES;
			};
			name = Release;
		};
		158F94281FD297B2004C9BE4 /* Debug */ = {
			isa = XCBuildConfiguration;
			buildSettings = {
				ASSETCATALOG_COMPILER_APPICON_NAME = AppIcon;
				CODE_SIGN_STYLE = Automatic;
				DEVELOPMENT_TEAM = ZT95237CCP;
				INFOPLIST_FILE = ARSync/Info.plist;
				IPHONEOS_DEPLOYMENT_TARGET = 11.1;
				LD_RUNPATH_SEARCH_PATHS = "$(inherited) @executable_path/Frameworks";
				PRODUCT_BUNDLE_IDENTIFIER = com.khanov.ARSync;
				PRODUCT_NAME = "$(TARGET_NAME)";
				SWIFT_VERSION = 4.0;
				TARGETED_DEVICE_FAMILY = "1,2";
			};
			name = Debug;
		};
		158F94291FD297B2004C9BE4 /* Release */ = {
			isa = XCBuildConfiguration;
			buildSettings = {
				ASSETCATALOG_COMPILER_APPICON_NAME = AppIcon;
				CODE_SIGN_STYLE = Automatic;
				DEVELOPMENT_TEAM = ZT95237CCP;
				INFOPLIST_FILE = ARSync/Info.plist;
				IPHONEOS_DEPLOYMENT_TARGET = 11.1;
				LD_RUNPATH_SEARCH_PATHS = "$(inherited) @executable_path/Frameworks";
				PRODUCT_BUNDLE_IDENTIFIER = com.khanov.ARSync;
				PRODUCT_NAME = "$(TARGET_NAME)";
				SWIFT_VERSION = 4.0;
				TARGETED_DEVICE_FAMILY = "1,2";
			};
			name = Release;
		};
/* End XCBuildConfiguration section */

/* Begin XCConfigurationList section */
		158F940E1FD297B2004C9BE4 /* Build configuration list for PBXProject "ARSync" */ = {
			isa = XCConfigurationList;
			buildConfigurations = (
				158F94251FD297B2004C9BE4 /* Debug */,
				158F94261FD297B2004C9BE4 /* Release */,
			);
			defaultConfigurationIsVisible = 0;
			defaultConfigurationName = Release;
		};
		158F94271FD297B2004C9BE4 /* Build configuration list for PBXNativeTarget "ARSync" */ = {
			isa = XCConfigurationList;
			buildConfigurations = (
				158F94281FD297B2004C9BE4 /* Debug */,
				158F94291FD297B2004C9BE4 /* Release */,
			);
			defaultConfigurationIsVisible = 0;
			defaultConfigurationName = Release;
		};
/* End XCConfigurationList section */
	};
	rootObject = 158F940B1FD297B2004C9BE4 /* Project object */;
}
